PODS:
  - BLCategorys (0.0.5):
    - BLCategorys/Foundation (= 0.0.5)
    - BLCategorys/UIKit (= 0.0.5)
  - BLCategorys/Foundation (0.0.5)
  - BLCategorys/UIKit (0.0.5)
  - BLMonitor (0.0.5):
    - BLMonitor/Core (= 0.0.5)
  - BLMonitor/Core (0.0.5)
  - BLProtocol (0.0.5):
    - BLProtocol/Core (= 0.0.5)
  - BLProtocol/Core (0.0.5)
  - Masonry (1.1.0)

DEPENDENCIES:
  - BLCategorys (from `../../iOS_BasicComponents`)
  - BLMonitor (from `../../iOS_BasicComponents`)
  - BLProtocol (from `../../iOS_BasicComponents`)
  - Masonry

SPEC REPOS:
  https://mirrors.tuna.tsinghua.edu.cn/git/CocoaPods/Specs.git:
    - Masonry

EXTERNAL SOURCES:
  BLCategorys:
    :path: "../../iOS_BasicComponents"
  BLMonitor:
    :path: "../../iOS_BasicComponents"
  BLProtocol:
    :path: "../../iOS_BasicComponents"

SPEC CHECKSUMS:
  BLCategorys: e3b1698e133f08cdc5d0ede96c620b79f1e70e0a
  BLMonitor: bf154c053ee2012c20bd26f14117ff34234ae62e
  BLProtocol: c69149ffa4a8c694f16677c31d8939d5fc73082d
  Masonry: 678fab65091a9290e40e2832a55e7ab731aad201

PODFILE CHECKSUM: dd593866e04c70dfb3ed8f1ed5db0db64ed21ad6

COCOAPODS: 1.16.2
